
Microsoft Visual Studio Solution File, Format Version 12.00
# Visual Studio Version 17
VisualStudioVersion = 17.14.36221.1 d17.14
MinimumVisualStudioVersion = 10.0.40219.1
Project("{FAE04EC0-301F-11D3-BF4B-00C04F79EFBC}") = "RoomManagement", "RoomManagement\RoomManagement.csproj", "{279C93D4-3FF5-4B07-A897-5BB085F8689B}"
EndProject
Global
	GlobalSection(SolutionConfigurationPlatforms) = preSolution
		Debug|Any CPU = Debug|Any CPU
		Release|Any CPU = Release|Any CPU
	EndGlobalSection
	GlobalSection(ProjectConfigurationPlatforms) = postSolution
		{279C93D4-3FF5-4B07-A897-5BB085F8689B}.Debug|Any CPU.ActiveCfg = Debug|Any CPU
		{279C93D4-3FF5-4B07-A897-5BB085F8689B}.Debug|Any CPU.Build.0 = Debug|Any CPU
		{279C93D4-3FF5-4B07-A897-5BB085F8689B}.Release|Any CPU.ActiveCfg = Release|Any CPU
		{279C93D4-3FF5-4B07-A897-5BB085F8689B}.Release|Any CPU.Build.0 = Release|Any CPU
	EndGlobalSection
	GlobalSection(SolutionProperties) = preSolution
		HideSolutionNode = FALSE
	EndGlobalSection
	GlobalSection(ExtensibilityGlobals) = postSolution
		SolutionGuid = {0E43D9B8-195D-4119-BB5F-105239FDE462}
	EndGlobalSection
EndGlobal
